
Microsoft Visual Studio Solution File, Format Version 12.00
# Visual Studio Version 16
VisualStudioVersion = 16.0.29020.237
MinimumVisualStudioVersion = 10.0.40219.1
Project("{FAE04EC0-301F-11D3-BF4B-00C04F79EFBC}") = "FTSE FINAL PROJECT", "FTSE FINAL PROJECT\FTSE FINAL PROJECT.csproj", "{A9BCA236-0C00-4456-8345-E096DB540234}"
EndProject
Project("{9A19103F-16F7-4668-BE54-9A1E7A4F7556}") = "Clases", "Clases\Clases.csproj", "{366D5339-6CFD-443B-A349-2E0F0BB9894A}"
EndProject
Project("{FAE04EC0-301F-11D3-BF4B-00C04F79EFBC}") = "UnitTest", "UnitTest\UnitTest.csproj", "{C0AD0E52-4779-41A1-812E-FDD5267836C3}"
EndProject
Project("{FAE04EC0-301F-11D3-BF4B-00C04F79EFBC}") = "UnitTestProject", "UnitTestProject\UnitTestProject.csproj", "{150A3A1E-6FF6-4510-B036-FD969AFC6874}"
EndProject
Global
	GlobalSection(SolutionConfigurationPlatforms) = preSolution
		Debug|Any CPU = Debug|Any CPU
		Release|Any CPU = Release|Any CPU
	EndGlobalSection
	GlobalSection(ProjectConfigurationPlatforms) = postSolution
		{A9BCA236-0C00-4456-8345-E096DB540234}.Debug|Any CPU.ActiveCfg = Debug|Any CPU
		{A9BCA236-0C00-4456-8345-E096DB540234}.Debug|Any CPU.Build.0 = Debug|Any CPU
		{A9BCA236-0C00-4456-8345-E096DB540234}.Release|Any CPU.ActiveCfg = Release|Any CPU
		{A9BCA236-0C00-4456-8345-E096DB540234}.Release|Any CPU.Build.0 = Release|Any CPU
		{366D5339-6CFD-443B-A349-2E0F0BB9894A}.Debug|Any CPU.ActiveCfg = Debug|Any CPU
		{366D5339-6CFD-443B-A349-2E0F0BB9894A}.Debug|Any CPU.Build.0 = Debug|Any CPU
		{366D5339-6CFD-443B-A349-2E0F0BB9894A}.Release|Any CPU.ActiveCfg = Release|Any CPU
		{366D5339-6CFD-443B-A349-2E0F0BB9894A}.Release|Any CPU.Build.0 = Release|Any CPU
		{C0AD0E52-4779-41A1-812E-FDD5267836C3}.Debug|Any CPU.ActiveCfg = Debug|Any CPU
		{C0AD0E52-4779-41A1-812E-FDD5267836C3}.Debug|Any CPU.Build.0 = Debug|Any CPU
		{C0AD0E52-4779-41A1-812E-FDD5267836C3}.Release|Any CPU.ActiveCfg = Release|Any CPU
		{C0AD0E52-4779-41A1-812E-FDD5267836C3}.Release|Any CPU.Build.0 = Release|Any CPU
		{150A3A1E-6FF6-4510-B036-FD969AFC6874}.Debug|Any CPU.ActiveCfg = Debug|Any CPU
		{150A3A1E-6FF6-4510-B036-FD969AFC6874}.Debug|Any CPU.Build.0 = Debug|Any CPU
		{150A3A1E-6FF6-4510-B036-FD969AFC6874}.Release|Any CPU.ActiveCfg = Release|Any CPU
		{150A3A1E-6FF6-4510-B036-FD969AFC6874}.Release|Any CPU.Build.0 = Release|Any CPU
	EndGlobalSection
	GlobalSection(SolutionProperties) = preSolution
		HideSolutionNode = FALSE
	EndGlobalSection
	GlobalSection(ExtensibilityGlobals) = postSolution
		SolutionGuid = {1080F464-81F4-4A0F-898B-AB5F385545C0}
	EndGlobalSection
EndGlobal
